// !$*UTF8*$!
{
	archiveVersion = 1;
	classes = {
	};
	objectVersion = 46;
	objects = {

/* Begin PBXBuildFile section */
		A5545DA71BF7CD8D005382CB /* main.m in Sources */ = {isa = PBXBuildFile; fileRef = A5545DA61BF7CD8D005382CB /* main.m */; };
		A5545DAA1BF7CD8D005382CB /* AppDelegate.m in Sources */ = {isa = PBXBuildFile; fileRef = A5545DA91BF7CD8D005382CB /* AppDelegate.m */; };
		A5545DAD1BF7CD8D005382CB /* MainVC.m in Sources */ = {isa = PBXBuildFile; fileRef = A5545DAC1BF7CD8D005382CB /* MainVC.m */; };
		A5545DB01BF7CD8D005382CB /* Main.storyboard in Resources */ = {isa = PBXBuildFile; fileRef = A5545DAE1BF7CD8D005382CB /* Main.storyboard */; };
		A5545DB21BF7CD8D005382CB /* Assets.xcassets in Resources */ = {isa = PBXBuildFile; fileRef = A5545DB11BF7CD8D005382CB /* Assets.xcassets */; };
		A5545DB51BF7CD8D005382CB /* LaunchScreen.storyboard in Resources */ = {isa = PBXBuildFile; fileRef = A5545DB31BF7CD8D005382CB /* LaunchScreen.storyboard */; };
		A5545DBE1BF7D5A6005382CB /* CloakingManager.m in Sources */ = {isa = PBXBuildFile; fileRef = A5545DBD1BF7D5A6005382CB /* CloakingManager.m */; };
/* End PBXBuildFile section */

/* Begin PBXFileReference section */
		A5545DA21BF7CD8D005382CB /* Cloak.app */ = {isa = PBXFileReference; explicitFileType = wrapper.application; includeInIndex = 0; path = Cloak.app; sourceTree = BUILT_PRODUCTS_DIR; };
		A5545DA61BF7CD8D005382CB /* main.m */ = {isa = PBXFileReference; lastKnownFileType = sourcecode.c.objc; path = main.m; sourceTree = "<group>"; };
		A5545DA81BF7CD8D005382CB /* AppDelegate.h */ = {isa = PBXFileReference; lastKnownFileType = sourcecode.c.h; path = AppDelegate.h; sourceTree = "<group>"; };
		A5545DA91BF7CD8D005382CB /* AppDelegate.m */ = {isa = PBXFileReference; lastKnownFileType = sourcecode.c.objc; path = AppDelegate.m; sourceTree = "<group>"; };
		A5545DAB1BF7CD8D005382CB /* MainVC.h */ = {isa = PBXFileReference; lastKnownFileType = sourcecode.c.h; path = MainVC.h; sourceTree = "<group>"; };
		A5545DAC1BF7CD8D005382CB /* MainVC.m */ = {isa = PBXFileReference; lastKnownFileType = sourcecode.c.objc; path = MainVC.m; sourceTree = "<group>"; };
		A5545DAF1BF7CD8D005382CB /* Base */ = {isa = PBXFileReference; lastKnownFileType = file.storyboard; name = Base; path = Base.lproj/Main.storyboard; sourceTree = "<group>"; };
		A5545DB11BF7CD8D005382CB /* Assets.xcassets */ = {isa = PBXFileReference; lastKnownFileType = folder.assetcatalog; path = Assets.xcassets; sourceTree = "<group>"; };
		A5545DB41BF7CD8D005382CB /* Base */ = {isa = PBXFileReference; lastKnownFileType = file.storyboard; name = Base; path = Base.lproj/LaunchScreen.storyboard; sourceTree = "<group>"; };
		A5545DB61BF7CD8D005382CB /* Info.plist */ = {isa = PBXFileReference; lastKnownFileType = text.plist.xml; path = Info.plist; sourceTree = "<group>"; };
		A5545DBC1BF7D5A6005382CB /* CloakingManager.h */ = {isa = PBXFileReference; fileEncoding = 4; lastKnownFileType = sourcecode.c.h; path = CloakingManager.h; sourceTree = "<group>"; };
		A5545DBD1BF7D5A6005382CB /* CloakingManager.m */ = {isa = PBXFileReference; fileEncoding = 4; lastKnownFileType = sourcecode.c.objc; path = CloakingManager.m; sourceTree = "<group>"; };
/* End PBXFileReference section */

/* Begin PBXFrameworksBuildPhase section */
		A5545D9F1BF7CD8D005382CB /* Frameworks */ = {
			isa = PBXFrameworksBuildPhase;
			buildActionMask = 2147483647;
			files = (
			);
			runOnlyForDeploymentPostprocessing = 0;
		};
/* End PBXFrameworksBuildPhase section */

/* Begin PBXGroup section */
		A5545D991BF7CD8D005382CB = {
			isa = PBXGroup;
			children = (
				A5545DA41BF7CD8D005382CB /* Cloak */,
				A5545DA31BF7CD8D005382CB /* Products */,
			);
			sourceTree = "<group>";
		};
		A5545DA31BF7CD8D005382CB /* Products */ = {
			isa = PBXGroup;
			children = (
				A5545DA21BF7CD8D005382CB /* Cloak.app */,
			);
			name = Products;
			sourceTree = "<group>";
		};
		A5545DA41BF7CD8D005382CB /* Cloak */ = {
			isa = PBXGroup;
			children = (
				A5545DA81BF7CD8D005382CB /* AppDelegate.h */,
				A5545DA91BF7CD8D005382CB /* AppDelegate.m */,
				A5545DAB1BF7CD8D005382CB /* MainVC.h */,
				A5545DAC1BF7CD8D005382CB /* MainVC.m */,
				A5545DBC1BF7D5A6005382CB /* CloakingManager.h */,
				A5545DBD1BF7D5A6005382CB /* CloakingManager.m */,
				A5545DAE1BF7CD8D005382CB /* Main.storyboard */,
				A5545DB11BF7CD8D005382CB /* Assets.xcassets */,
				A5545DB31BF7CD8D005382CB /* LaunchScreen.storyboard */,
				A5545DB61BF7CD8D005382CB /* Info.plist */,
				A5545DA51BF7CD8D005382CB /* Supporting Files */,
			);
			path = Cloak;
			sourceTree = "<group>";
		};
		A5545DA51BF7CD8D005382CB /* Supporting Files */ = {
			isa = PBXGroup;
			children = (
				A5545DA61BF7CD8D005382CB /* main.m */,
			);
			name = "Supporting Files";
			sourceTree = "<group>";
		};
/* End PBXGroup section */

/* Begin PBXNativeTarget section */
		A5545DA11BF7CD8D005382CB /* Cloak */ = {
			isa = PBXNativeTarget;
			buildConfigurationList = A5545DB91BF7CD8D005382CB /* Build configuration list for PBXNativeTarget "Cloak" */;
			buildPhases = (
				A5545D9E1BF7CD8D005382CB /* Sources */,
				A5545D9F1BF7CD8D005382CB /* Frameworks */,
				A5545DA01BF7CD8D005382CB /* Resources */,
			);
			buildRules = (
			);
			dependencies = (
			);
			name = Cloak;
			productName = Cloak;
			productReference = A5545DA21BF7CD8D005382CB /* Cloak.app */;
			productType = "com.apple.product-type.application";
		};
/* End PBXNativeTarget section */

/* Begin PBXProject section */
		A5545D9A1BF7CD8D005382CB /* Project object */ = {
			isa = PBXProject;
			attributes = {
				LastUpgradeCheck = 0710;
				ORGANIZATIONNAME = "Victor Zhou";
				TargetAttributes = {
					A5545DA11BF7CD8D005382CB = {
						CreatedOnToolsVersion = 7.1.1;
					};
				};
			};
			buildConfigurationList = A5545D9D1BF7CD8D005382CB /* Build configuration list for PBXProject "Cloak" */;
			compatibilityVersion = "Xcode 3.2";
			developmentRegion = English;
			hasScannedForEncodings = 0;
			knownRegions = (
				en,
				Base,
			);
			mainGroup = A5545D991BF7CD8D005382CB;
			productRefGroup = A5545DA31BF7CD8D005382CB /* Products */;
			projectDirPath = "";
			projectRoot = "";
			targets = (
				A5545DA11BF7CD8D005382CB /* Cloak */,
			);
		};
/* End PBXProject section */

/* Begin PBXResourcesBuildPhase section */
		A5545DA01BF7CD8D005382CB /* Resources */ = {
			isa = PBXResourcesBuildPhase;
			buildActionMask = 2147483647;
			files = (
				A5545DB51BF7CD8D005382CB /* LaunchScreen.storyboard in Resources */,
				A5545DB21BF7CD8D005382CB /* Assets.xcassets in Resources */,
				A5545DB01BF7CD8D005382CB /* Main.storyboard in Resources */,
			);
			runOnlyForDeploymentPostprocessing = 0;
		};
/* End PBXResourcesBuildPhase section */

/* Begin PBXSourcesBuildPhase section */
		A5545D9E1BF7CD8D005382CB /* Sources */ = {
			isa = PBXSourcesBuildPhase;
			buildActionMask = 2147483647;
			files = (
				A5545DAD1BF7CD8D005382CB /* MainVC.m in Sources */,
				A5545DAA1BF7CD8D005382CB /* AppDelegate.m in Sources */,
				A5545DA71BF7CD8D005382CB /* main.m in Sources */,
				A5545DBE1BF7D5A6005382CB /* CloakingManager.m in Sources */,
			);
			runOnlyForDeploymentPostprocessing = 0;
		};
/* End PBXSourcesBuildPhase section */

/* Begin PBXVariantGroup section */
		A5545DAE1BF7CD8D005382CB /* Main.storyboard */ = {
			isa = PBXVariantGroup;
			children = (
				A5545DAF1BF7CD8D005382CB /* Base */,
			);
			name = Main.storyboard;
			sourceTree = "<group>";
		};
		A5545DB31BF7CD8D005382CB /* LaunchScreen.storyboard */ = {
			isa = PBXVariantGroup;
			children = (
				A5545DB41BF7CD8D005382CB /* Base */,
			);
			name = LaunchScreen.storyboard;
			sourceTree = "<group>";
		};
/* End PBXVariantGroup section */

/* Begin XCBuildConfiguration section */
		A5545DB71BF7CD8D005382CB /* Debug */ = {
			isa = XCBuildConfiguration;
			buildSettings = {
				ALWAYS_SEARCH_USER_PATHS = NO;
				CLANG_CXX_LANGUAGE_STANDARD = "gnu++0x";
				CLANG_CXX_LIBRARY = "libc++";
				CLANG_ENABLE_MODULES = YES;
				CLANG_ENABLE_OBJC_ARC = YES;
				CLANG_WARN_BOOL_CONVERSION = YES;
				CLANG_WARN_CONSTANT_CONVERSION = YES;
				CLANG_WARN_DIRECT_OBJC_ISA_USAGE = YES_ERROR;
				CLANG_WARN_EMPTY_BODY = YES;
				CLANG_WARN_ENUM_CONVERSION = YES;
				CLANG_WARN_INT_CONVERSION = YES;
				CLANG_WARN_OBJC_ROOT_CLASS = YES_ERROR;
				CLANG_WARN_UNREACHABLE_CODE = YES;
				CLANG_WARN__DUPLICATE_METHOD_MATCH = YES;
				"CODE_SIGN_IDENTITY[sdk=iphoneos*]" = "iPhone Developer";
				COPY_PHASE_STRIP = NO;
				DEBUG_INFORMATION_FORMAT = dwarf;
				ENABLE_STRICT_OBJC_MSGSEND = YES;
				ENABLE_TESTABILITY = YES;
				GCC_C_LANGUAGE_STANDARD = gnu99;
				GCC_DYNAMIC_NO_PIC = NO;
				GCC_NO_COMMON_BLOCKS = YES;
				GCC_OPTIMIZATION_LEVEL = 0;
				GCC_PREPROCESSOR_DEFINITIONS = (
					"DEBUG=1",
					"$(inherited)",
				);
				GCC_WARN_64_TO_32_BIT_CONVERSION = YES;
				GCC_WARN_ABOUT_RETURN_TYPE = YES_ERROR;
				GCC_WARN_UNDECLARED_SELECTOR = YES;
				GCC_WARN_UNINITIALIZED_AUTOS = YES_AGGRESSIVE;
				GCC_WARN_UNUSED_FUNCTION = YES;
				GCC_WARN_UNUSED_VARIABLE = YES;
				IPHONEOS_DEPLOYMENT_TARGET = 9.1;
				MTL_ENABLE_DEBUG_INFO = YES;
				ONLY_ACTIVE_ARCH = YES;
				SDKROOT = iphoneos;
				TARGETED_DEVICE_FAMILY = "1,2";
			};
			name = Debug;
		};
		A5545DB81BF7CD8D005382CB /* Release */ = {
			isa = XCBuildConfiguration;
			buildSettings = {
				ALWAYS_SEARCH_USER_PATHS = NO;
				CLANG_CXX_LANGUAGE_STANDARD = "gnu++0x";
				CLANG_CXX_LIBRARY = "libc++";
				CLANG_ENABLE_MODULES = YES;
				CLANG_ENABLE_OBJC_ARC = YES;
				CLANG_WARN_BOOL_CONVERSION = YES;
				CLANG_WARN_CONSTANT_CONVERSION = YES;
				CLANG_WARN_DIRECT_OBJC_ISA_USAGE = YES_ERROR;
				CLANG_WARN_EMPTY_BODY = YES;
				CLANG_WARN_ENUM_CONVERSION = YES;
				CLANG_WARN_INT_CONVERSION = YES;
				CLANG_WARN_OBJC_ROOT_CLASS = YES_ERROR;
				CLANG_WARN_UNREACHABLE_CODE = YES;
				CLANG_WARN__DUPLICATE_METHOD_MATCH = YES;
				"CODE_SIGN_IDENTITY[sdk=iphoneos*]" = "iPhone Developer";
				COPY_PHASE_STRIP = NO;
				DEBUG_INFORMATION_FORMAT = "dwarf-with-dsym";
				ENABLE_NS_ASSERTIONS = NO;
				ENABLE_STRICT_OBJC_MSGSEND = YES;
				GCC_C_LANGUAGE_STANDARD = gnu99;
				GCC_NO_COMMON_BLOCKS = YES;
				GCC_WARN_64_TO_32_BIT_CONVERSION = YES;
				GCC_WARN_ABOUT_RETURN_TYPE = YES_ERROR;
				GCC_WARN_UNDECLARED_SELECTOR = YES;
				GCC_WARN_UNINITIALIZED_AUTOS = YES_AGGRESSIVE;
				GCC_WARN_UNUSED_FUNCTION = YES;
				GCC_WARN_UNUSED_VARIABLE = YES;
				IPHONEOS_DEPLOYMENT_TARGET = 9.1;
				MTL_ENABLE_DEBUG_INFO = NO;
				SDKROOT = iphoneos;
				TARGETED_DEVICE_FAMILY = "1,2";
				VALIDATE_PRODUCT = YES;
			};
			name = Release;
		};
		A5545DBA1BF7CD8D005382CB /* Debug */ = {
			isa = XCBuildConfiguration;
			buildSettings = {
				ASSETCATALOG_COMPILER_APPICON_NAME = AppIcon;
				INFOPLIST_FILE = Cloak/Info.plist;
				LD_RUNPATH_SEARCH_PATHS = "$(inherited) @executable_path/Frameworks";
				PRODUCT_BUNDLE_IDENTIFIER = com.victorzhou.Cloak;
				PRODUCT_NAME = "$(TARGET_NAME)";
			};
			name = Debug;
		};
		A5545DBB1BF7CD8D005382CB /* Release */ = {
			isa = XCBuildConfiguration;
			buildSettings = {
				ASSETCATALOG_COMPILER_APPICON_NAME = AppIcon;
				INFOPLIST_FILE = Cloak/Info.plist;
				LD_RUNPATH_SEARCH_PATHS = "$(inherited) @executable_path/Frameworks";
				PRODUCT_BUNDLE_IDENTIFIER = com.victorzhou.Cloak;
				PRODUCT_NAME = "$(TARGET_NAME)";
			};
			name = Release;
		};
/* End XCBuildConfiguration section */

/* Begin XCConfigurationList section */
		A5545D9D1BF7CD8D005382CB /* Build configuration list for PBXProject "Cloak" */ = {
			isa = XCConfigurationList;
			buildConfigurations = (
				A5545DB71BF7CD8D005382CB /* Debug */,
				A5545DB81BF7CD8D005382CB /* Release */,
			);
			defaultConfigurationIsVisible = 0;
			defaultConfigurationName = Release;
		};
		A5545DB91BF7CD8D005382CB /* Build configuration list for PBXNativeTarget "Cloak" */ = {
			isa = XCConfigurationList;
			buildConfigurations = (
				A5545DBA1BF7CD8D005382CB /* Debug */,
				A5545DBB1BF7CD8D005382CB /* Release */,
			);
			defaultConfigurationIsVisible = 0;
		};
/* End XCConfigurationList section */
	};
	rootObject = A5545D9A1BF7CD8D005382CB /* Project object */;
}
